
Microsoft Visual Studio Solution File, Format Version 12.00
# Visual Studio Version 16
VisualStudioVersion = 16.0.31702.278
MinimumVisualStudioVersion = 10.0.40219.1
Project("{9A19103F-16F7-4668-BE54-9A1E7A4F7556}") = "Model", "SDK\Shared\Model\Model.csproj", "{36CD0B45-CBC1-43E7-A748-87780606BD92}"
EndProject
Project("{9A19103F-16F7-4668-BE54-9A1E7A4F7556}") = "Model.PreBuild", "SDK\Shared\Model.PreBuild\Model.PreBuild.csproj", "{1876116F-70F1-40B1-BEA3-93B193B75853}"
EndProject
Project("{9A19103F-16F7-4668-BE54-9A1E7A4F7556}") = "Service", "SDK\Service\Application\Service.csproj", "{4F52C292-6270-4520-8C32-25785249531C}"
EndProject
Project("{9A19103F-16F7-4668-BE54-9A1E7A4F7556}") = "DataModel", "SDK\Shared\DataModel\DataModel.csproj", "{E31294CC-F44E-42F0-9E32-77FC28CA5A41}"
EndProject
Project("{9A19103F-16F7-4668-BE54-9A1E7A4F7556}") = "Client", "SDK\Client\DotNet\Raid.Client.csproj", "{C8F50AC1-41EC-4F1B-8883-F1786C828F30}"
EndProject
Project("{9A19103F-16F7-4668-BE54-9A1E7A4F7556}") = "Common", "SDK\Shared\Common\Common.csproj", "{4CDD09F0-5D87-42AC-BF89-00FCCCDC8CA5}"
EndProject
Project("{2150E333-8FDC-42A3-9474-1A3956D46DE8}") = "Solution Items", "Solution Items", "{9BA72BF2-DCF9-4F73-BC76-1C870239566D}"
	ProjectSection(SolutionItems) = preProject
		.editorconfig = .editorconfig
	EndProjectSection
EndProject
Global
	GlobalSection(SolutionConfigurationPlatforms) = preSolution
		Debug|Any CPU = Debug|Any CPU
		Debug|x64 = Debug|x64
		Debug|x86 = Debug|x86
		Release|Any CPU = Release|Any CPU
		Release|x64 = Release|x64
		Release|x86 = Release|x86
	EndGlobalSection
	GlobalSection(ProjectConfigurationPlatforms) = postSolution
		{36CD0B45-CBC1-43E7-A748-87780606BD92}.Debug|Any CPU.ActiveCfg = Debug|Any CPU
		{36CD0B45-CBC1-43E7-A748-87780606BD92}.Debug|Any CPU.Build.0 = Debug|Any CPU
		{36CD0B45-CBC1-43E7-A748-87780606BD92}.Debug|x64.ActiveCfg = Debug|Any CPU
		{36CD0B45-CBC1-43E7-A748-87780606BD92}.Debug|x64.Build.0 = Debug|Any CPU
		{36CD0B45-CBC1-43E7-A748-87780606BD92}.Debug|x86.ActiveCfg = Debug|Any CPU
		{36CD0B45-CBC1-43E7-A748-87780606BD92}.Debug|x86.Build.0 = Debug|Any CPU
		{36CD0B45-CBC1-43E7-A748-87780606BD92}.Release|Any CPU.ActiveCfg = Release|Any CPU
		{36CD0B45-CBC1-43E7-A748-87780606BD92}.Release|Any CPU.Build.0 = Release|Any CPU
		{36CD0B45-CBC1-43E7-A748-87780606BD92}.Release|x64.ActiveCfg = Release|Any CPU
		{36CD0B45-CBC1-43E7-A748-87780606BD92}.Release|x64.Build.0 = Release|Any CPU
		{36CD0B45-CBC1-43E7-A748-87780606BD92}.Release|x86.ActiveCfg = Release|Any CPU
		{36CD0B45-CBC1-43E7-A748-87780606BD92}.Release|x86.Build.0 = Release|Any CPU
		{1876116F-70F1-40B1-BEA3-93B193B75853}.Debug|Any CPU.ActiveCfg = Debug|Any CPU
		{1876116F-70F1-40B1-BEA3-93B193B75853}.Debug|Any CPU.Build.0 = Debug|Any CPU
		{1876116F-70F1-40B1-BEA3-93B193B75853}.Debug|x64.ActiveCfg = Debug|Any CPU
		{1876116F-70F1-40B1-BEA3-93B193B75853}.Debug|x64.Build.0 = Debug|Any CPU
		{1876116F-70F1-40B1-BEA3-93B193B75853}.Debug|x86.ActiveCfg = Debug|Any CPU
		{1876116F-70F1-40B1-BEA3-93B193B75853}.Debug|x86.Build.0 = Debug|Any CPU
		{1876116F-70F1-40B1-BEA3-93B193B75853}.Release|Any CPU.ActiveCfg = Release|Any CPU
		{1876116F-70F1-40B1-BEA3-93B193B75853}.Release|Any CPU.Build.0 = Release|Any CPU
		{1876116F-70F1-40B1-BEA3-93B193B75853}.Release|x64.ActiveCfg = Release|Any CPU
		{1876116F-70F1-40B1-BEA3-93B193B75853}.Release|x64.Build.0 = Release|Any CPU
		{1876116F-70F1-40B1-BEA3-93B193B75853}.Release|x86.ActiveCfg = Release|Any CPU
		{1876116F-70F1-40B1-BEA3-93B193B75853}.Release|x86.Build.0 = Release|Any CPU
		{4F52C292-6270-4520-8C32-25785249531C}.Debug|Any CPU.ActiveCfg = Debug|Any CPU
		{4F52C292-6270-4520-8C32-25785249531C}.Debug|Any CPU.Build.0 = Debug|Any CPU
		{4F52C292-6270-4520-8C32-25785249531C}.Debug|x64.ActiveCfg = Debug|Any CPU
		{4F52C292-6270-4520-8C32-25785249531C}.Debug|x64.Build.0 = Debug|Any CPU
		{4F52C292-6270-4520-8C32-25785249531C}.Debug|x86.ActiveCfg = Debug|Any CPU
		{4F52C292-6270-4520-8C32-25785249531C}.Debug|x86.Build.0 = Debug|Any CPU
		{4F52C292-6270-4520-8C32-25785249531C}.Release|Any CPU.ActiveCfg = Release|Any CPU
		{4F52C292-6270-4520-8C32-25785249531C}.Release|Any CPU.Build.0 = Release|Any CPU
		{4F52C292-6270-4520-8C32-25785249531C}.Release|x64.ActiveCfg = Release|Any CPU
		{4F52C292-6270-4520-8C32-25785249531C}.Release|x64.Build.0 = Release|Any CPU
		{4F52C292-6270-4520-8C32-25785249531C}.Release|x86.ActiveCfg = Release|Any CPU
		{4F52C292-6270-4520-8C32-25785249531C}.Release|x86.Build.0 = Release|Any CPU
		{E31294CC-F44E-42F0-9E32-77FC28CA5A41}.Debug|Any CPU.ActiveCfg = Debug|Any CPU
		{E31294CC-F44E-42F0-9E32-77FC28CA5A41}.Debug|Any CPU.Build.0 = Debug|Any CPU
		{E31294CC-F44E-42F0-9E32-77FC28CA5A41}.Debug|x64.ActiveCfg = Debug|Any CPU
		{E31294CC-F44E-42F0-9E32-77FC28CA5A41}.Debug|x64.Build.0 = Debug|Any CPU
		{E31294CC-F44E-42F0-9E32-77FC28CA5A41}.Debug|x86.ActiveCfg = Debug|Any CPU
		{E31294CC-F44E-42F0-9E32-77FC28CA5A41}.Debug|x86.Build.0 = Debug|Any CPU
		{E31294CC-F44E-42F0-9E32-77FC28CA5A41}.Release|Any CPU.ActiveCfg = Release|Any CPU
		{E31294CC-F44E-42F0-9E32-77FC28CA5A41}.Release|Any CPU.Build.0 = Release|Any CPU
		{E31294CC-F44E-42F0-9E32-77FC28CA5A41}.Release|x64.ActiveCfg = Release|Any CPU
		{E31294CC-F44E-42F0-9E32-77FC28CA5A41}.Release|x64.Build.0 = Release|Any CPU
		{E31294CC-F44E-42F0-9E32-77FC28CA5A41}.Release|x86.ActiveCfg = Release|Any CPU
		{E31294CC-F44E-42F0-9E32-77FC28CA5A41}.Release|x86.Build.0 = Release|Any CPU
		{C8F50AC1-41EC-4F1B-8883-F1786C828F30}.Debug|Any CPU.ActiveCfg = Debug|Any CPU
		{C8F50AC1-41EC-4F1B-8883-F1786C828F30}.Debug|Any CPU.Build.0 = Debug|Any CPU
		{C8F50AC1-41EC-4F1B-8883-F1786C828F30}.Debug|x64.ActiveCfg = Debug|Any CPU
		{C8F50AC1-41EC-4F1B-8883-F1786C828F30}.Debug|x64.Build.0 = Debug|Any CPU
		{C8F50AC1-41EC-4F1B-8883-F1786C828F30}.Debug|x86.ActiveCfg = Debug|Any CPU
		{C8F50AC1-41EC-4F1B-8883-F1786C828F30}.Debug|x86.Build.0 = Debug|Any CPU
		{C8F50AC1-41EC-4F1B-8883-F1786C828F30}.Release|Any CPU.ActiveCfg = Release|Any CPU
		{C8F50AC1-41EC-4F1B-8883-F1786C828F30}.Release|Any CPU.Build.0 = Release|Any CPU
		{C8F50AC1-41EC-4F1B-8883-F1786C828F30}.Release|x64.ActiveCfg = Release|Any CPU
		{C8F50AC1-41EC-4F1B-8883-F1786C828F30}.Release|x64.Build.0 = Release|Any CPU
		{C8F50AC1-41EC-4F1B-8883-F1786C828F30}.Release|x86.ActiveCfg = Release|Any CPU
		{C8F50AC1-41EC-4F1B-8883-F1786C828F30}.Release|x86.Build.0 = Release|Any CPU
		{4CDD09F0-5D87-42AC-BF89-00FCCCDC8CA5}.Debug|Any CPU.ActiveCfg = Debug|Any CPU
		{4CDD09F0-5D87-42AC-BF89-00FCCCDC8CA5}.Debug|Any CPU.Build.0 = Debug|Any CPU
		{4CDD09F0-5D87-42AC-BF89-00FCCCDC8CA5}.Debug|x64.ActiveCfg = Debug|Any CPU
		{4CDD09F0-5D87-42AC-BF89-00FCCCDC8CA5}.Debug|x64.Build.0 = Debug|Any CPU
		{4CDD09F0-5D87-42AC-BF89-00FCCCDC8CA5}.Debug|x86.ActiveCfg = Debug|Any CPU
		{4CDD09F0-5D87-42AC-BF89-00FCCCDC8CA5}.Debug|x86.Build.0 = Debug|Any CPU
		{4CDD09F0-5D87-42AC-BF89-00FCCCDC8CA5}.Release|Any CPU.ActiveCfg = Release|Any CPU
		{4CDD09F0-5D87-42AC-BF89-00FCCCDC8CA5}.Release|Any CPU.Build.0 = Release|Any CPU
		{4CDD09F0-5D87-42AC-BF89-00FCCCDC8CA5}.Release|x64.ActiveCfg = Release|Any CPU
		{4CDD09F0-5D87-42AC-BF89-00FCCCDC8CA5}.Release|x64.Build.0 = Release|Any CPU
		{4CDD09F0-5D87-42AC-BF89-00FCCCDC8CA5}.Release|x86.ActiveCfg = Release|Any CPU
		{4CDD09F0-5D87-42AC-BF89-00FCCCDC8CA5}.Release|x86.Build.0 = Release|Any CPU
	EndGlobalSection
	GlobalSection(SolutionProperties) = preSolution
		HideSolutionNode = FALSE
	EndGlobalSection
	GlobalSection(ExtensibilityGlobals) = postSolution
		SolutionGuid = {6c06054a-68d8-49d4-bd28-383cc9836d20}
	EndGlobalSection
EndGlobal
