
Microsoft Visual Studio Solution File, Format Version 12.00
# Visual Studio Version 16
VisualStudioVersion = 16.0.31702.278
MinimumVisualStudioVersion = 10.0.40219.1
Project("{9A19103F-16F7-4668-BE54-9A1E7A4F7556}") = "Lokad.ILPack", "IL2CppToolkit\ILPack\src\Lokad.ILPack.csproj", "{16621C18-56C5-40EA-9624-013D9195EC80}"
EndProject
Project("{9A19103F-16F7-4668-BE54-9A1E7A4F7556}") = "Common", "IL2CppToolkit\Common\Common.csproj", "{02B94F06-6EF0-4E44-B9CA-90D876098FEB}"
EndProject
Project("{9A19103F-16F7-4668-BE54-9A1E7A4F7556}") = "Metadata", "IL2CppToolkit\Metadata\Metadata.csproj", "{BB8E91A0-56E0-4484-BB09-EDFFAB5D5C31}"
EndProject
Project("{9A19103F-16F7-4668-BE54-9A1E7A4F7556}") = "ReverseCompiler", "IL2CppToolkit\ReverseCompiler\ReverseCompiler.csproj", "{57802C44-9ABF-4300-8A55-2F7A8B619FFD}"
EndProject
Project("{9A19103F-16F7-4668-BE54-9A1E7A4F7556}") = "Runtime", "IL2CppToolkit\Runtime\Runtime.csproj", "{E199E8AC-16EE-459A-97BE-F4C2235636E3}"
EndProject
Project("{2150E333-8FDC-42A3-9474-1A3956D46DE8}") = "Il2CppToolkit", "Il2CppToolkit", "{59897739-2113-443B-AE3E-B27E8B51F8D0}"
EndProject
Project("{9A19103F-16F7-4668-BE54-9A1E7A4F7556}") = "Extractor", "SDK\Extractor\Extractor.csproj", "{9A096D16-B1BF-42A7-B808-2EE067384624}"
EndProject
Project("{9A19103F-16F7-4668-BE54-9A1E7A4F7556}") = "Model", "SDK\Model\Model.csproj", "{36CD0B45-CBC1-43E7-A748-87780606BD92}"
EndProject
Project("{9A19103F-16F7-4668-BE54-9A1E7A4F7556}") = "Model.PreBuild", "SDK\Model.PreBuild\Model.PreBuild.csproj", "{1876116F-70F1-40B1-BEA3-93B193B75853}"
EndProject
Project("{9A19103F-16F7-4668-BE54-9A1E7A4F7556}") = "ReverseCompiler.Target.NetCore", "Il2CppToolkit\ReverseCompiler.Target.NetCore\ReverseCompiler.Target.NetCore.csproj", "{6825C84D-1204-488B-86A1-83DC7D5A96A4}"
EndProject
Project("{9A19103F-16F7-4668-BE54-9A1E7A4F7556}") = "ReverseCompiler.Cli", "Il2CppToolkit\ReverseCompiler.Cli\ReverseCompiler.Cli.csproj", "{18A9931D-2499-4213-B1E7-89D99EB054D7}"
EndProject
Project("{9A19103F-16F7-4668-BE54-9A1E7A4F7556}") = "ReverseCompiler.Target.TSDef", "Il2CppToolkit\ReverseCompiler.Target.TSDef\ReverseCompiler.Target.TSDef.csproj", "{5A43CE54-6727-4C13-AFF0-D8BF5FC89554}"
EndProject
Project("{9A19103F-16F7-4668-BE54-9A1E7A4F7556}") = "Service", "SDK\Service\Service.csproj", "{4F52C292-6270-4520-8C32-25785249531C}"
EndProject
Global
	GlobalSection(SolutionConfigurationPlatforms) = preSolution
		Debug|Any CPU = Debug|Any CPU
		Debug|x64 = Debug|x64
		Debug|x86 = Debug|x86
		Release|Any CPU = Release|Any CPU
		Release|x64 = Release|x64
		Release|x86 = Release|x86
	EndGlobalSection
	GlobalSection(ProjectConfigurationPlatforms) = postSolution
		{16621C18-56C5-40EA-9624-013D9195EC80}.Debug|Any CPU.ActiveCfg = Debug|Any CPU
		{16621C18-56C5-40EA-9624-013D9195EC80}.Debug|Any CPU.Build.0 = Debug|Any CPU
		{16621C18-56C5-40EA-9624-013D9195EC80}.Debug|x64.ActiveCfg = Debug|Any CPU
		{16621C18-56C5-40EA-9624-013D9195EC80}.Debug|x64.Build.0 = Debug|Any CPU
		{16621C18-56C5-40EA-9624-013D9195EC80}.Debug|x86.ActiveCfg = Debug|Any CPU
		{16621C18-56C5-40EA-9624-013D9195EC80}.Debug|x86.Build.0 = Debug|Any CPU
		{16621C18-56C5-40EA-9624-013D9195EC80}.Release|Any CPU.ActiveCfg = Release|Any CPU
		{16621C18-56C5-40EA-9624-013D9195EC80}.Release|Any CPU.Build.0 = Release|Any CPU
		{16621C18-56C5-40EA-9624-013D9195EC80}.Release|x64.ActiveCfg = Release|Any CPU
		{16621C18-56C5-40EA-9624-013D9195EC80}.Release|x64.Build.0 = Release|Any CPU
		{16621C18-56C5-40EA-9624-013D9195EC80}.Release|x86.ActiveCfg = Release|Any CPU
		{16621C18-56C5-40EA-9624-013D9195EC80}.Release|x86.Build.0 = Release|Any CPU
		{02B94F06-6EF0-4E44-B9CA-90D876098FEB}.Debug|Any CPU.ActiveCfg = Debug|Any CPU
		{02B94F06-6EF0-4E44-B9CA-90D876098FEB}.Debug|Any CPU.Build.0 = Debug|Any CPU
		{02B94F06-6EF0-4E44-B9CA-90D876098FEB}.Debug|x64.ActiveCfg = Debug|Any CPU
		{02B94F06-6EF0-4E44-B9CA-90D876098FEB}.Debug|x64.Build.0 = Debug|Any CPU
		{02B94F06-6EF0-4E44-B9CA-90D876098FEB}.Debug|x86.ActiveCfg = Debug|Any CPU
		{02B94F06-6EF0-4E44-B9CA-90D876098FEB}.Debug|x86.Build.0 = Debug|Any CPU
		{02B94F06-6EF0-4E44-B9CA-90D876098FEB}.Release|Any CPU.ActiveCfg = Release|Any CPU
		{02B94F06-6EF0-4E44-B9CA-90D876098FEB}.Release|Any CPU.Build.0 = Release|Any CPU
		{02B94F06-6EF0-4E44-B9CA-90D876098FEB}.Release|x64.ActiveCfg = Release|Any CPU
		{02B94F06-6EF0-4E44-B9CA-90D876098FEB}.Release|x64.Build.0 = Release|Any CPU
		{02B94F06-6EF0-4E44-B9CA-90D876098FEB}.Release|x86.ActiveCfg = Release|Any CPU
		{02B94F06-6EF0-4E44-B9CA-90D876098FEB}.Release|x86.Build.0 = Release|Any CPU
		{BB8E91A0-56E0-4484-BB09-EDFFAB5D5C31}.Debug|Any CPU.ActiveCfg = Debug|Any CPU
		{BB8E91A0-56E0-4484-BB09-EDFFAB5D5C31}.Debug|Any CPU.Build.0 = Debug|Any CPU
		{BB8E91A0-56E0-4484-BB09-EDFFAB5D5C31}.Debug|x64.ActiveCfg = Debug|Any CPU
		{BB8E91A0-56E0-4484-BB09-EDFFAB5D5C31}.Debug|x64.Build.0 = Debug|Any CPU
		{BB8E91A0-56E0-4484-BB09-EDFFAB5D5C31}.Debug|x86.ActiveCfg = Debug|Any CPU
		{BB8E91A0-56E0-4484-BB09-EDFFAB5D5C31}.Debug|x86.Build.0 = Debug|Any CPU
		{BB8E91A0-56E0-4484-BB09-EDFFAB5D5C31}.Release|Any CPU.ActiveCfg = Release|Any CPU
		{BB8E91A0-56E0-4484-BB09-EDFFAB5D5C31}.Release|Any CPU.Build.0 = Release|Any CPU
		{BB8E91A0-56E0-4484-BB09-EDFFAB5D5C31}.Release|x64.ActiveCfg = Release|Any CPU
		{BB8E91A0-56E0-4484-BB09-EDFFAB5D5C31}.Release|x64.Build.0 = Release|Any CPU
		{BB8E91A0-56E0-4484-BB09-EDFFAB5D5C31}.Release|x86.ActiveCfg = Release|Any CPU
		{BB8E91A0-56E0-4484-BB09-EDFFAB5D5C31}.Release|x86.Build.0 = Release|Any CPU
		{57802C44-9ABF-4300-8A55-2F7A8B619FFD}.Debug|Any CPU.ActiveCfg = Debug|Any CPU
		{57802C44-9ABF-4300-8A55-2F7A8B619FFD}.Debug|Any CPU.Build.0 = Debug|Any CPU
		{57802C44-9ABF-4300-8A55-2F7A8B619FFD}.Debug|x64.ActiveCfg = Debug|Any CPU
		{57802C44-9ABF-4300-8A55-2F7A8B619FFD}.Debug|x64.Build.0 = Debug|Any CPU
		{57802C44-9ABF-4300-8A55-2F7A8B619FFD}.Debug|x86.ActiveCfg = Debug|Any CPU
		{57802C44-9ABF-4300-8A55-2F7A8B619FFD}.Debug|x86.Build.0 = Debug|Any CPU
		{57802C44-9ABF-4300-8A55-2F7A8B619FFD}.Release|Any CPU.ActiveCfg = Release|Any CPU
		{57802C44-9ABF-4300-8A55-2F7A8B619FFD}.Release|Any CPU.Build.0 = Release|Any CPU
		{57802C44-9ABF-4300-8A55-2F7A8B619FFD}.Release|x64.ActiveCfg = Release|Any CPU
		{57802C44-9ABF-4300-8A55-2F7A8B619FFD}.Release|x64.Build.0 = Release|Any CPU
		{57802C44-9ABF-4300-8A55-2F7A8B619FFD}.Release|x86.ActiveCfg = Release|Any CPU
		{57802C44-9ABF-4300-8A55-2F7A8B619FFD}.Release|x86.Build.0 = Release|Any CPU
		{E199E8AC-16EE-459A-97BE-F4C2235636E3}.Debug|Any CPU.ActiveCfg = Debug|Any CPU
		{E199E8AC-16EE-459A-97BE-F4C2235636E3}.Debug|Any CPU.Build.0 = Debug|Any CPU
		{E199E8AC-16EE-459A-97BE-F4C2235636E3}.Debug|x64.ActiveCfg = Debug|Any CPU
		{E199E8AC-16EE-459A-97BE-F4C2235636E3}.Debug|x64.Build.0 = Debug|Any CPU
		{E199E8AC-16EE-459A-97BE-F4C2235636E3}.Debug|x86.ActiveCfg = Debug|Any CPU
		{E199E8AC-16EE-459A-97BE-F4C2235636E3}.Debug|x86.Build.0 = Debug|Any CPU
		{E199E8AC-16EE-459A-97BE-F4C2235636E3}.Release|Any CPU.ActiveCfg = Release|Any CPU
		{E199E8AC-16EE-459A-97BE-F4C2235636E3}.Release|Any CPU.Build.0 = Release|Any CPU
		{E199E8AC-16EE-459A-97BE-F4C2235636E3}.Release|x64.ActiveCfg = Release|Any CPU
		{E199E8AC-16EE-459A-97BE-F4C2235636E3}.Release|x64.Build.0 = Release|Any CPU
		{E199E8AC-16EE-459A-97BE-F4C2235636E3}.Release|x86.ActiveCfg = Release|Any CPU
		{E199E8AC-16EE-459A-97BE-F4C2235636E3}.Release|x86.Build.0 = Release|Any CPU
		{9A096D16-B1BF-42A7-B808-2EE067384624}.Debug|Any CPU.ActiveCfg = Debug|Any CPU
		{9A096D16-B1BF-42A7-B808-2EE067384624}.Debug|Any CPU.Build.0 = Debug|Any CPU
		{9A096D16-B1BF-42A7-B808-2EE067384624}.Debug|x64.ActiveCfg = Debug|Any CPU
		{9A096D16-B1BF-42A7-B808-2EE067384624}.Debug|x64.Build.0 = Debug|Any CPU
		{9A096D16-B1BF-42A7-B808-2EE067384624}.Debug|x86.ActiveCfg = Debug|Any CPU
		{9A096D16-B1BF-42A7-B808-2EE067384624}.Debug|x86.Build.0 = Debug|Any CPU
		{9A096D16-B1BF-42A7-B808-2EE067384624}.Release|Any CPU.ActiveCfg = Release|Any CPU
		{9A096D16-B1BF-42A7-B808-2EE067384624}.Release|Any CPU.Build.0 = Release|Any CPU
		{9A096D16-B1BF-42A7-B808-2EE067384624}.Release|x64.ActiveCfg = Release|Any CPU
		{9A096D16-B1BF-42A7-B808-2EE067384624}.Release|x64.Build.0 = Release|Any CPU
		{9A096D16-B1BF-42A7-B808-2EE067384624}.Release|x86.ActiveCfg = Release|Any CPU
		{9A096D16-B1BF-42A7-B808-2EE067384624}.Release|x86.Build.0 = Release|Any CPU
		{36CD0B45-CBC1-43E7-A748-87780606BD92}.Debug|Any CPU.ActiveCfg = Debug|Any CPU
		{36CD0B45-CBC1-43E7-A748-87780606BD92}.Debug|Any CPU.Build.0 = Debug|Any CPU
		{36CD0B45-CBC1-43E7-A748-87780606BD92}.Debug|x64.ActiveCfg = Debug|Any CPU
		{36CD0B45-CBC1-43E7-A748-87780606BD92}.Debug|x64.Build.0 = Debug|Any CPU
		{36CD0B45-CBC1-43E7-A748-87780606BD92}.Debug|x86.ActiveCfg = Debug|Any CPU
		{36CD0B45-CBC1-43E7-A748-87780606BD92}.Debug|x86.Build.0 = Debug|Any CPU
		{36CD0B45-CBC1-43E7-A748-87780606BD92}.Release|Any CPU.ActiveCfg = Release|Any CPU
		{36CD0B45-CBC1-43E7-A748-87780606BD92}.Release|Any CPU.Build.0 = Release|Any CPU
		{36CD0B45-CBC1-43E7-A748-87780606BD92}.Release|x64.ActiveCfg = Release|Any CPU
		{36CD0B45-CBC1-43E7-A748-87780606BD92}.Release|x64.Build.0 = Release|Any CPU
		{36CD0B45-CBC1-43E7-A748-87780606BD92}.Release|x86.ActiveCfg = Release|Any CPU
		{36CD0B45-CBC1-43E7-A748-87780606BD92}.Release|x86.Build.0 = Release|Any CPU
		{1876116F-70F1-40B1-BEA3-93B193B75853}.Debug|Any CPU.ActiveCfg = Debug|Any CPU
		{1876116F-70F1-40B1-BEA3-93B193B75853}.Debug|Any CPU.Build.0 = Debug|Any CPU
		{1876116F-70F1-40B1-BEA3-93B193B75853}.Debug|x64.ActiveCfg = Debug|Any CPU
		{1876116F-70F1-40B1-BEA3-93B193B75853}.Debug|x64.Build.0 = Debug|Any CPU
		{1876116F-70F1-40B1-BEA3-93B193B75853}.Debug|x86.ActiveCfg = Debug|Any CPU
		{1876116F-70F1-40B1-BEA3-93B193B75853}.Debug|x86.Build.0 = Debug|Any CPU
		{1876116F-70F1-40B1-BEA3-93B193B75853}.Release|Any CPU.ActiveCfg = Release|Any CPU
		{1876116F-70F1-40B1-BEA3-93B193B75853}.Release|Any CPU.Build.0 = Release|Any CPU
		{1876116F-70F1-40B1-BEA3-93B193B75853}.Release|x64.ActiveCfg = Release|Any CPU
		{1876116F-70F1-40B1-BEA3-93B193B75853}.Release|x64.Build.0 = Release|Any CPU
		{1876116F-70F1-40B1-BEA3-93B193B75853}.Release|x86.ActiveCfg = Release|Any CPU
		{1876116F-70F1-40B1-BEA3-93B193B75853}.Release|x86.Build.0 = Release|Any CPU
		{6825C84D-1204-488B-86A1-83DC7D5A96A4}.Debug|Any CPU.ActiveCfg = Debug|Any CPU
		{6825C84D-1204-488B-86A1-83DC7D5A96A4}.Debug|Any CPU.Build.0 = Debug|Any CPU
		{6825C84D-1204-488B-86A1-83DC7D5A96A4}.Debug|x64.ActiveCfg = Debug|Any CPU
		{6825C84D-1204-488B-86A1-83DC7D5A96A4}.Debug|x64.Build.0 = Debug|Any CPU
		{6825C84D-1204-488B-86A1-83DC7D5A96A4}.Debug|x86.ActiveCfg = Debug|Any CPU
		{6825C84D-1204-488B-86A1-83DC7D5A96A4}.Debug|x86.Build.0 = Debug|Any CPU
		{6825C84D-1204-488B-86A1-83DC7D5A96A4}.Release|Any CPU.ActiveCfg = Release|Any CPU
		{6825C84D-1204-488B-86A1-83DC7D5A96A4}.Release|Any CPU.Build.0 = Release|Any CPU
		{6825C84D-1204-488B-86A1-83DC7D5A96A4}.Release|x64.ActiveCfg = Release|Any CPU
		{6825C84D-1204-488B-86A1-83DC7D5A96A4}.Release|x64.Build.0 = Release|Any CPU
		{6825C84D-1204-488B-86A1-83DC7D5A96A4}.Release|x86.ActiveCfg = Release|Any CPU
		{6825C84D-1204-488B-86A1-83DC7D5A96A4}.Release|x86.Build.0 = Release|Any CPU
		{18A9931D-2499-4213-B1E7-89D99EB054D7}.Debug|Any CPU.ActiveCfg = Debug|Any CPU
		{18A9931D-2499-4213-B1E7-89D99EB054D7}.Debug|Any CPU.Build.0 = Debug|Any CPU
		{18A9931D-2499-4213-B1E7-89D99EB054D7}.Debug|x64.ActiveCfg = Debug|Any CPU
		{18A9931D-2499-4213-B1E7-89D99EB054D7}.Debug|x64.Build.0 = Debug|Any CPU
		{18A9931D-2499-4213-B1E7-89D99EB054D7}.Debug|x86.ActiveCfg = Debug|Any CPU
		{18A9931D-2499-4213-B1E7-89D99EB054D7}.Debug|x86.Build.0 = Debug|Any CPU
		{18A9931D-2499-4213-B1E7-89D99EB054D7}.Release|Any CPU.ActiveCfg = Release|Any CPU
		{18A9931D-2499-4213-B1E7-89D99EB054D7}.Release|Any CPU.Build.0 = Release|Any CPU
		{18A9931D-2499-4213-B1E7-89D99EB054D7}.Release|x64.ActiveCfg = Release|Any CPU
		{18A9931D-2499-4213-B1E7-89D99EB054D7}.Release|x64.Build.0 = Release|Any CPU
		{18A9931D-2499-4213-B1E7-89D99EB054D7}.Release|x86.ActiveCfg = Release|Any CPU
		{18A9931D-2499-4213-B1E7-89D99EB054D7}.Release|x86.Build.0 = Release|Any CPU
		{5A43CE54-6727-4C13-AFF0-D8BF5FC89554}.Debug|Any CPU.ActiveCfg = Debug|Any CPU
		{5A43CE54-6727-4C13-AFF0-D8BF5FC89554}.Debug|Any CPU.Build.0 = Debug|Any CPU
		{5A43CE54-6727-4C13-AFF0-D8BF5FC89554}.Debug|x64.ActiveCfg = Debug|Any CPU
		{5A43CE54-6727-4C13-AFF0-D8BF5FC89554}.Debug|x64.Build.0 = Debug|Any CPU
		{5A43CE54-6727-4C13-AFF0-D8BF5FC89554}.Debug|x86.ActiveCfg = Debug|Any CPU
		{5A43CE54-6727-4C13-AFF0-D8BF5FC89554}.Debug|x86.Build.0 = Debug|Any CPU
		{5A43CE54-6727-4C13-AFF0-D8BF5FC89554}.Release|Any CPU.ActiveCfg = Release|Any CPU
		{5A43CE54-6727-4C13-AFF0-D8BF5FC89554}.Release|Any CPU.Build.0 = Release|Any CPU
		{5A43CE54-6727-4C13-AFF0-D8BF5FC89554}.Release|x64.ActiveCfg = Release|Any CPU
		{5A43CE54-6727-4C13-AFF0-D8BF5FC89554}.Release|x64.Build.0 = Release|Any CPU
		{5A43CE54-6727-4C13-AFF0-D8BF5FC89554}.Release|x86.ActiveCfg = Release|Any CPU
		{5A43CE54-6727-4C13-AFF0-D8BF5FC89554}.Release|x86.Build.0 = Release|Any CPU
		{4F52C292-6270-4520-8C32-25785249531C}.Debug|Any CPU.ActiveCfg = Debug|Any CPU
		{4F52C292-6270-4520-8C32-25785249531C}.Debug|Any CPU.Build.0 = Debug|Any CPU
		{4F52C292-6270-4520-8C32-25785249531C}.Debug|x64.ActiveCfg = Debug|Any CPU
		{4F52C292-6270-4520-8C32-25785249531C}.Debug|x64.Build.0 = Debug|Any CPU
		{4F52C292-6270-4520-8C32-25785249531C}.Debug|x86.ActiveCfg = Debug|Any CPU
		{4F52C292-6270-4520-8C32-25785249531C}.Debug|x86.Build.0 = Debug|Any CPU
		{4F52C292-6270-4520-8C32-25785249531C}.Release|Any CPU.ActiveCfg = Release|Any CPU
		{4F52C292-6270-4520-8C32-25785249531C}.Release|Any CPU.Build.0 = Release|Any CPU
		{4F52C292-6270-4520-8C32-25785249531C}.Release|x64.ActiveCfg = Release|Any CPU
		{4F52C292-6270-4520-8C32-25785249531C}.Release|x64.Build.0 = Release|Any CPU
		{4F52C292-6270-4520-8C32-25785249531C}.Release|x86.ActiveCfg = Release|Any CPU
		{4F52C292-6270-4520-8C32-25785249531C}.Release|x86.Build.0 = Release|Any CPU
	EndGlobalSection
	GlobalSection(SolutionProperties) = preSolution
		HideSolutionNode = FALSE
	EndGlobalSection
	GlobalSection(NestedProjects) = preSolution
		{16621C18-56C5-40EA-9624-013D9195EC80} = {59897739-2113-443B-AE3E-B27E8B51F8D0}
		{02B94F06-6EF0-4E44-B9CA-90D876098FEB} = {59897739-2113-443B-AE3E-B27E8B51F8D0}
		{BB8E91A0-56E0-4484-BB09-EDFFAB5D5C31} = {59897739-2113-443B-AE3E-B27E8B51F8D0}
		{57802C44-9ABF-4300-8A55-2F7A8B619FFD} = {59897739-2113-443B-AE3E-B27E8B51F8D0}
		{E199E8AC-16EE-459A-97BE-F4C2235636E3} = {59897739-2113-443B-AE3E-B27E8B51F8D0}
		{6825C84D-1204-488B-86A1-83DC7D5A96A4} = {59897739-2113-443B-AE3E-B27E8B51F8D0}
		{18A9931D-2499-4213-B1E7-89D99EB054D7} = {59897739-2113-443B-AE3E-B27E8B51F8D0}
		{5A43CE54-6727-4C13-AFF0-D8BF5FC89554} = {59897739-2113-443B-AE3E-B27E8B51F8D0}
	EndGlobalSection
	GlobalSection(ExtensibilityGlobals) = postSolution
		SolutionGuid = {6c06054a-68d8-49d4-bd28-383cc9836d20}
	EndGlobalSection
EndGlobal
