# THIS IS AN AUTOGENERATED FILE. DO NOT EDIT THIS FILE DIRECTLY.
# yarn lockfile v1


"@types/json8-patch@^1.0.0":
  version "1.0.0"
  resolved "https://registry.yarnpkg.com/@types/json8-patch/-/json8-patch-1.0.0.tgz#a8cf85bf2a2eb74157828b7bf04afbd9ee327592"
  integrity sha512-I+aDi4gp0YaamM451gyaNm9Lff1jDD8CL8eDz6PjpkOqoosN4vI48gXlNJFXr8R8khF4LRcKiLssV6KKWy3yjg==

json8-patch@^1.0.6:
  version "1.0.6"
  resolved "https://registry.yarnpkg.com/json8-patch/-/json8-patch-1.0.6.tgz#4824633e8f34e1d479a41d47cbc0c5074697625d"
  integrity sha512-x0epce36M+8nWjGjmkd7fiGvEEhAiufIIb9vqjvS0JrskCz6RcD/a4hm+IV5fAV++lhquLIhV7vZK9tYu5+joA==
  dependencies:
    json8 "^1.0.5"
    json8-pointer "^1.0.6"

json8-pointer@^1.0.6:
  version "1.0.6"
  resolved "https://registry.yarnpkg.com/json8-pointer/-/json8-pointer-1.0.6.tgz#f3f711750c5d19045943b6469877b0399a80e2e7"
  integrity sha512-NjuxOsoxD8kidrifqywJYbCpBBMoT+4mruCVSh/BiInhBqSFnuqrJ+BnfBq0o0DxWOsAcn1J011t2JmHtA796Q==

json8@^1.0.5:
  version "1.0.5"
  resolved "https://registry.yarnpkg.com/json8/-/json8-1.0.5.tgz#a3fc51e5406489632eb87a85dbe6cbb8c200c1be"
  integrity sha512-TnyzPW+84OwR9znGJ1DeJkucxkCEP37vNLoPuK7p0VJ3MrjhxgW+t+AbkW9vfNzxMv0tIDvzOYS1rJ7eUdcTwA==
