
Microsoft Visual Studio Solution File, Format Version 12.00
# Visual Studio Version 16
VisualStudioVersion = 16.0.31702.278
MinimumVisualStudioVersion = 10.0.40219.1
Project("{FAE04EC0-301F-11D3-BF4B-00C04F79EFBC}") = "Sample", "Sample.csproj", "{CE18A11C-C314-4BE9-AA2D-2827F7A4B278}"
EndProject
Global
	GlobalSection(SolutionConfigurationPlatforms) = preSolution
		Debug|Any CPU = Debug|Any CPU
		Release|Any CPU = Release|Any CPU
	EndGlobalSection
	GlobalSection(ProjectConfigurationPlatforms) = postSolution
		{CE18A11C-C314-4BE9-AA2D-2827F7A4B278}.Debug|Any CPU.ActiveCfg = Debug|Any CPU
		{CE18A11C-C314-4BE9-AA2D-2827F7A4B278}.Debug|Any CPU.Build.0 = Debug|Any CPU
		{CE18A11C-C314-4BE9-AA2D-2827F7A4B278}.Release|Any CPU.ActiveCfg = Release|Any CPU
		{CE18A11C-C314-4BE9-AA2D-2827F7A4B278}.Release|Any CPU.Build.0 = Release|Any CPU
	EndGlobalSection
	GlobalSection(SolutionProperties) = preSolution
		HideSolutionNode = FALSE
	EndGlobalSection
	GlobalSection(ExtensibilityGlobals) = postSolution
		SolutionGuid = {E34FC275-B776-4D1A-B38E-233C0F435592}
	EndGlobalSection
EndGlobal
