{
  "version": 1,
  "dependencies": {
    "net6.0-windows10.0.19041": {
      "CommandLineParser": {
        "type": "Direct",
        "requested": "[2.9.1, )",
        "resolved": "2.9.1",
        "contentHash": "OE0sl1/sQ37bjVsPKKtwQlWDgqaxWgtme3xZz7JssWUzg5JpMIyHgCTY9MVMxOg48fJ1AgGT3tgdH5m/kQ5xhA=="
      },
      "CustomExtensions.WinUI": {
        "type": "Direct",
        "requested": "[0.1.10-beta, )",
        "resolved": "0.1.10-beta",
        "contentHash": "ygsTaDzf9uJ2oJlN8kBPSnvpDaxlq+Kv6/0Nb7EglT/CPzlyi738duEpg+uyZ/PUgGZilxGH2NBSnNG5MOYqKQ==",
        "dependencies": {
          "Microsoft.Windows.SDK.BuildTools": "10.0.22621.755",
          "Microsoft.WindowsAppSDK": "1.2.221209.1"
        }
      },
      "Il2CppToolkit.Injection.Client": {
        "type": "Direct",
        "requested": "[2.0.119-alpha, )",
        "resolved": "2.0.119-alpha",
        "contentHash": "fVzp5d0yE7weCPZ8eDIwOs+ZXMk9KXIZny2G3RCeReEX/RS2vOinscgcTgtCW42oySyVLzJzANYcBeHx6cocYA==",
        "dependencies": {
          "Google.Protobuf": "3.21.1",
          "Grpc.Net.Client": "2.46.0"
        }
      },
      "Karambolo.Extensions.Logging.File": {
        "type": "Direct",
        "requested": "[3.4.0, )",
        "resolved": "3.4.0",
        "contentHash": "ZhDYGgEv792s754DXn5xGidn1CbDnk1fTNcXDeUVr3suL/FH1faA4R5S2pDimS61wD8t0J+CBmG9qY9YmqV9Kw==",
        "dependencies": {
          "Microsoft.Extensions.FileProviders.Physical": "6.0.0",
          "Microsoft.Extensions.Logging.Configuration": "6.0.0",
          "Microsoft.Extensions.Options.ConfigurationExtensions": "6.0.0",
          "System.Threading.Channels": "6.0.0"
        }
      },
      "Microsoft.Extensions.Hosting": {
        "type": "Direct",
        "requested": "[6.0.1, )",
        "resolved": "6.0.1",
        "contentHash": "hbmizc9KPWOacLU8Z8YMaBG6KWdZFppczYV/KwnPGU/8xebWxQxdDeJmLOgg968prb7g2oQgnp6JVLX6lgby8g==",
        "dependencies": {
          "Microsoft.Extensions.Configuration": "6.0.0",
          "Microsoft.Extensions.Configuration.Abstractions": "6.0.0",
          "Microsoft.Extensions.Configuration.Binder": "6.0.0",
          "Microsoft.Extensions.Configuration.CommandLine": "6.0.0",
          "Microsoft.Extensions.Configuration.EnvironmentVariables": "6.0.1",
          "Microsoft.Extensions.Configuration.FileExtensions": "6.0.0",
          "Microsoft.Extensions.Configuration.Json": "6.0.0",
          "Microsoft.Extensions.Configuration.UserSecrets": "6.0.1",
          "Microsoft.Extensions.DependencyInjection": "6.0.0",
          "Microsoft.Extensions.DependencyInjection.Abstractions": "6.0.0",
          "Microsoft.Extensions.FileProviders.Abstractions": "6.0.0",
          "Microsoft.Extensions.FileProviders.Physical": "6.0.0",
          "Microsoft.Extensions.Hosting.Abstractions": "6.0.0",
          "Microsoft.Extensions.Logging": "6.0.0",
          "Microsoft.Extensions.Logging.Abstractions": "6.0.0",
          "Microsoft.Extensions.Logging.Configuration": "6.0.0",
          "Microsoft.Extensions.Logging.Console": "6.0.0",
          "Microsoft.Extensions.Logging.Debug": "6.0.0",
          "Microsoft.Extensions.Logging.EventLog": "6.0.0",
          "Microsoft.Extensions.Logging.EventSource": "6.0.0",
          "Microsoft.Extensions.Options": "6.0.0"
        }
      },
      "Nerdbank.GitVersioning": {
        "type": "Direct",
        "requested": "[3.5.108, )",
        "resolved": "3.5.108",
        "contentHash": "+1Zn/jrrbBS1MVK20W8d8g4nEREPuZ6IHDTmtqlJiNeGXN45Iou0IPe5hykbLAVyWfnoN3bPCDBIVjeAfoMsWQ=="
      },
      "Newtonsoft.Json": {
        "type": "Direct",
        "requested": "[13.0.2, )",
        "resolved": "13.0.2",
        "contentHash": "R2pZ3B0UjeyHShm9vG+Tu0EBb2lC8b0dFzV9gVn50ofHXh9Smjk6kTn7A/FdAsC8B5cKib1OnGYOXxRBz5XQDg=="
      },
      "SuperSocket.WebSocket.Server": {
        "type": "Direct",
        "requested": "[2.0.0-beta.10, )",
        "resolved": "2.0.0-beta.10",
        "contentHash": "XRUGjdhHvWkQiQ2EF+y0ibm2yaxrGF73Rtk5kOPTIZojtQ14WriEFts4qAgIx+prWInLnPXpew4DO7jOIzMytw==",
        "dependencies": {
          "SuperSocket.Command": "2.0.0-beta.10",
          "SuperSocket.Primitives": "2.0.0-beta.10",
          "SuperSocket.Server": "2.0.0-beta.10",
          "SuperSocket.WebSocket": "2.0.0-beta.10"
        }
      },
      "CommunityToolkit.WinUI.Notifications": {
        "type": "Transitive",
        "resolved": "7.1.2",
        "contentHash": "vUYLJlW8+ev4qVIxaz3gix2UoSZX6gE7a9GLonC7taaqKWIiusVfzb62eoHSAOiXxyfqe8HknDk2rAdsF19igQ==",
        "dependencies": {
          "Microsoft.Win32.Registry": "4.7.0",
          "System.Drawing.Common": "4.7.0",
          "System.Reflection.Emit": "4.7.0",
          "System.ValueTuple": "4.5.0"
        }
      },
      "Google.Protobuf": {
        "type": "Transitive",
        "resolved": "3.21.1",
        "contentHash": "tYT6ez1N/ecOdxaaYFu9KxADHdAmRzwt9o4i4tO4wGYsGo2mAPDeHJKO2erfnCsL/Z+6C29o0QUJUJnlG2iDAA=="
      },
      "Grpc.Core.Api": {
        "type": "Transitive",
        "resolved": "2.46.1",
        "contentHash": "3rm4VJLP6MHWXoQnF9kYvO57Rj7gBtAlsu5Y4XtMTrsy4hSolRKOychh0KzJkaOTTtJ5dg0i3QlslLR5SX0Seg==",
        "dependencies": {
          "System.Memory": "4.5.3"
        }
      },
      "Grpc.Net.Client": {
        "type": "Transitive",
        "resolved": "2.46.0",
        "contentHash": "iHx39bGsvtxVgaMkmVlxyNtjZETq9N8vxUA8Kc7dT2WBz+SXvBSOu0yPZxlcnFIOM5JyOuM/Dszg9GFGANrDPQ==",
        "dependencies": {
          "Grpc.Net.Common": "2.46.0",
          "Microsoft.Extensions.Logging.Abstractions": "3.0.3"
        }
      },
      "Grpc.Net.Common": {
        "type": "Transitive",
        "resolved": "2.46.0",
        "contentHash": "RjVHthmxrD7pK7kVIiIiSfGEkf1wxVy5nKyqDMKJAwy8vn6YZ/XOZLHZKil0s7VDkrO+HNqd6uC9LiIhL7o0ow==",
        "dependencies": {
          "Grpc.Core.Api": "2.46.1"
        }
      },
      "Il2CppToolkit.Common": {
        "type": "Transitive",
        "resolved": "2.0.108-alpha",
        "contentHash": "HOlK8uFDjDTfRNiz+kKJdiAgLpvThBgOLrkf1aHGsO5R9hCQe4QloTCFyspUxi4QK3w/3xyWj88R3tzv4UTHPg==",
        "dependencies": {
          "System.Memory": "4.5.5"
        }
      },
      "Il2CppToolkit.Metadata": {
        "type": "Transitive",
        "resolved": "2.0.108-alpha",
        "contentHash": "wl9uak9tTw7hHs3OC+HkRs0Qz2hWgfLxGgrD6IgSYVQwKpoCLQ7dAccpw8JovzgCYhe+z8DbeWzfLvvOhdpsjw==",
        "dependencies": {
          "Il2CppToolkit.Common": "2.0.108-alpha"
        }
      },
      "Il2CppToolkit.ReverseCompiler": {
        "type": "Transitive",
        "resolved": "2.0.108-alpha",
        "contentHash": "MMsa3JNx7aZO/FccTxugYNgCR4AgccnqY7aIDz+t1ZwmRinEpTbOjnnZCdMobW8LrsAlPB250fzFekfAjI5xQg==",
        "dependencies": {
          "Il2CppToolkit.Common": "2.0.108-alpha",
          "Il2CppToolkit.Metadata": "2.0.108-alpha",
          "Il2CppToolkit.Runtime": "2.0.108-alpha"
        }
      },
      "Il2CppToolkit.Runtime": {
        "type": "Transitive",
        "resolved": "2.0.108-alpha",
        "contentHash": "zITa6AyX8KodfMs/OtdqBIUAiCpu5P5AVUe2nBQiyrWh4dhrZk3YwUofTUTfqdhJUOSi0ZlCNh36bcy4sKl3eQ==",
        "dependencies": {
          "Il2CppToolkit.Common": "2.0.108-alpha",
          "Il2CppToolkit.Injection.Client": "2.0.119-alpha",
          "ProcessMemoryUtilities.Net": "1.3.4",
          "System.Memory": "4.5.5",
          "Vestris.ResourceLib": "2.1.0"
        }
      },
      "Il2CppToolkit.Target.NetCore": {
        "type": "Transitive",
        "resolved": "2.0.108-alpha",
        "contentHash": "91JRxbp/4jcqohuoMN5UFC91nr5lJNyvmwcIOqcdu3u/1DjN3dAw1A0uVzlyTfe+EZ54lxT98Nq3OFGQI69sdQ==",
        "dependencies": {
          "Il2CppToolkit.Common": "2.0.108-alpha",
          "Il2CppToolkit.Metadata": "2.0.108-alpha",
          "Il2CppToolkit.ReverseCompiler": "2.0.108-alpha",
          "Il2CppToolkit.Runtime": "2.0.108-alpha",
          "Mono.Cecil": "0.11.4",
          "Vestris.ResourceLib": "2.1.0"
        }
      },
      "Microsoft.Extensions.Configuration": {
        "type": "Transitive",
        "resolved": "6.0.0",
        "contentHash": "tq2wXyh3fL17EMF2bXgRhU7JrbO3on93MRKYxzz4JzzvuGSA1l0W3GI9/tl8EO89TH+KWEymP7bcFway6z9fXg==",
        "dependencies": {
          "Microsoft.Extensions.Configuration.Abstractions": "6.0.0",
          "Microsoft.Extensions.Primitives": "6.0.0"
        }
      },
      "Microsoft.Extensions.Configuration.Abstractions": {
        "type": "Transitive",
        "resolved": "6.0.0",
        "contentHash": "qWzV9o+ZRWq+pGm+1dF+R7qTgTYoXvbyowRoBxQJGfqTpqDun2eteerjRQhq5PQ/14S+lqto3Ft4gYaRyl4rdQ==",
        "dependencies": {
          "Microsoft.Extensions.Primitives": "6.0.0"
        }
      },
      "Microsoft.Extensions.Configuration.Binder": {
        "type": "Transitive",
        "resolved": "6.0.0",
        "contentHash": "b3ErKzND8LIC7o08QAVlKfaEIYEvLJbtmVbFZVBRXeu9YkKfSSzLZfR1SUfQPBIy9mKLhEtJgGYImkcMNaKE0A==",
        "dependencies": {
          "Microsoft.Extensions.Configuration.Abstractions": "6.0.0"
        }
      },
      "Microsoft.Extensions.Configuration.CommandLine": {
        "type": "Transitive",
        "resolved": "6.0.0",
        "contentHash": "3nL1qCkZ1Oxx14ZTzgo4MmlO7tso7F+TtMZAY2jUAtTLyAcDp+EDjk3RqafoKiNaePyPvvlleEcBxh3b2Hzl1g==",
        "dependencies": {
          "Microsoft.Extensions.Configuration": "6.0.0",
          "Microsoft.Extensions.Configuration.Abstractions": "6.0.0"
        }
      },
      "Microsoft.Extensions.Configuration.EnvironmentVariables": {
        "type": "Transitive",
        "resolved": "6.0.1",
        "contentHash": "pnyXV1LFOsYjGveuC07xp0YHIyGq7jRq5Ncb5zrrIieMLWVwgMyYxcOH0jTnBedDT4Gh1QinSqsjqzcieHk1og==",
        "dependencies": {
          "Microsoft.Extensions.Configuration": "6.0.0",
          "Microsoft.Extensions.Configuration.Abstractions": "6.0.0"
        }
      },
      "Microsoft.Extensions.Configuration.FileExtensions": {
        "type": "Transitive",
        "resolved": "6.0.0",
        "contentHash": "V4Dth2cYMZpw3HhGw9XUDIijpI6gN+22LDt0AhufIgOppCUfpWX4483OmN+dFXRJkJLc8Tv0Q8QK+1ingT2+KQ==",
        "dependencies": {
          "Microsoft.Extensions.Configuration": "6.0.0",
          "Microsoft.Extensions.Configuration.Abstractions": "6.0.0",
          "Microsoft.Extensions.FileProviders.Abstractions": "6.0.0",
          "Microsoft.Extensions.FileProviders.Physical": "6.0.0",
          "Microsoft.Extensions.Primitives": "6.0.0"
        }
      },
      "Microsoft.Extensions.Configuration.Json": {
        "type": "Transitive",
        "resolved": "6.0.0",
        "contentHash": "GJGery6QytCzS/BxJ96klgG9in3uH26KcUBbiVG/coNDXCRq6LGVVlUT4vXq34KPuM+R2av+LeYdX9h4IZOCUg==",
        "dependencies": {
          "Microsoft.Extensions.Configuration": "6.0.0",
          "Microsoft.Extensions.Configuration.Abstractions": "6.0.0",
          "Microsoft.Extensions.Configuration.FileExtensions": "6.0.0",
          "Microsoft.Extensions.FileProviders.Abstractions": "6.0.0",
          "System.Text.Json": "6.0.0"
        }
      },
      "Microsoft.Extensions.Configuration.UserSecrets": {
        "type": "Transitive",
        "resolved": "6.0.1",
        "contentHash": "Fy8yr4V6obi7ZxvKYI1i85jqtwMq8tqyxQVZpRSkgeA8enqy/KvBIMdcuNdznlxQMZa72mvbHqb7vbg4Pyx95w==",
        "dependencies": {
          "Microsoft.Extensions.Configuration.Abstractions": "6.0.0",
          "Microsoft.Extensions.Configuration.Json": "6.0.0",
          "Microsoft.Extensions.FileProviders.Abstractions": "6.0.0",
          "Microsoft.Extensions.FileProviders.Physical": "6.0.0"
        }
      },
      "Microsoft.Extensions.DependencyInjection": {
        "type": "Transitive",
        "resolved": "6.0.0",
        "contentHash": "k6PWQMuoBDGGHOQTtyois2u4AwyVcIwL2LaSLlTZQm2CYcJ1pxbt6jfAnpWmzENA/wfrYRI/X9DTLoUkE4AsLw==",
        "dependencies": {
          "Microsoft.Extensions.DependencyInjection.Abstractions": "6.0.0",
          "System.Runtime.CompilerServices.Unsafe": "6.0.0"
        }
      },
      "Microsoft.Extensions.DependencyInjection.Abstractions": {
        "type": "Transitive",
        "resolved": "6.0.0",
        "contentHash": "xlzi2IYREJH3/m6+lUrQlujzX8wDitm4QGnUu6kUXTQAWPuZY8i+ticFJbzfqaetLA6KR/rO6Ew/HuYD+bxifg=="
      },
      "Microsoft.Extensions.FileProviders.Abstractions": {
        "type": "Transitive",
        "resolved": "6.0.0",
        "contentHash": "0pd4/fho0gC12rQswaGQxbU34jOS1TPS8lZPpkFCH68ppQjHNHYle9iRuHeev1LhrJ94YPvzcRd8UmIuFk23Qw==",
        "dependencies": {
          "Microsoft.Extensions.Primitives": "6.0.0"
        }
      },
      "Microsoft.Extensions.FileProviders.Physical": {
        "type": "Transitive",
        "resolved": "6.0.0",
        "contentHash": "QvkL7l0nM8udt3gfyu0Vw8bbCXblxaKOl7c2oBfgGy4LCURRaL9XWZX1FWJrQc43oMokVneVxH38iz+bY1sbhg==",
        "dependencies": {
          "Microsoft.Extensions.FileProviders.Abstractions": "6.0.0",
          "Microsoft.Extensions.FileSystemGlobbing": "6.0.0",
          "Microsoft.Extensions.Primitives": "6.0.0"
        }
      },
      "Microsoft.Extensions.FileSystemGlobbing": {
        "type": "Transitive",
        "resolved": "6.0.0",
        "contentHash": "ip8jnL1aPiaPeKINCqaTEbvBFDmVx9dXQEBZ2HOBRXPD1eabGNqP/bKlsIcp7U2lGxiXd5xIhoFcmY8nM4Hdiw=="
      },
      "Microsoft.Extensions.Hosting.Abstractions": {
        "type": "Transitive",
        "resolved": "6.0.0",
        "contentHash": "GcT5l2CYXL6Sa27KCSh0TixsRfADUgth+ojQSD5EkzisZxmGFh7CwzkcYuGwvmXLjr27uWRNrJ2vuuEjMhU05Q==",
        "dependencies": {
          "Microsoft.Extensions.Configuration.Abstractions": "6.0.0",
          "Microsoft.Extensions.DependencyInjection.Abstractions": "6.0.0",
          "Microsoft.Extensions.FileProviders.Abstractions": "6.0.0"
        }
      },
      "Microsoft.Extensions.Logging": {
        "type": "Transitive",
        "resolved": "6.0.0",
        "contentHash": "eIbyj40QDg1NDz0HBW0S5f3wrLVnKWnDJ/JtZ+yJDFnDj90VoPuoPmFkeaXrtu+0cKm5GRAwoDf+dBWXK0TUdg==",
        "dependencies": {
          "Microsoft.Extensions.DependencyInjection": "6.0.0",
          "Microsoft.Extensions.DependencyInjection.Abstractions": "6.0.0",
          "Microsoft.Extensions.Logging.Abstractions": "6.0.0",
          "Microsoft.Extensions.Options": "6.0.0",
          "System.Diagnostics.DiagnosticSource": "6.0.0"
        }
      },
      "Microsoft.Extensions.Logging.Abstractions": {
        "type": "Transitive",
        "resolved": "6.0.0",
        "contentHash": "/HggWBbTwy8TgebGSX5DBZ24ndhzi93sHUBDvP1IxbZD7FDokYzdAr6+vbWGjw2XAfR2EJ1sfKUotpjHnFWPxA=="
      },
      "Microsoft.Extensions.Logging.Configuration": {
        "type": "Transitive",
        "resolved": "6.0.0",
        "contentHash": "ZDskjagmBAbv+K8rYW9VhjPplhbOE63xUD0DiuydZJwt15dRyoqicYklLd86zzeintUc7AptDkHn+YhhYkYo8A==",
        "dependencies": {
          "Microsoft.Extensions.Configuration": "6.0.0",
          "Microsoft.Extensions.Configuration.Abstractions": "6.0.0",
          "Microsoft.Extensions.Configuration.Binder": "6.0.0",
          "Microsoft.Extensions.DependencyInjection.Abstractions": "6.0.0",
          "Microsoft.Extensions.Logging": "6.0.0",
          "Microsoft.Extensions.Logging.Abstractions": "6.0.0",
          "Microsoft.Extensions.Options": "6.0.0",
          "Microsoft.Extensions.Options.ConfigurationExtensions": "6.0.0"
        }
      },
      "Microsoft.Extensions.Logging.Console": {
        "type": "Transitive",
        "resolved": "6.0.0",
        "contentHash": "gsqKzOEdsvq28QiXFxagmn1oRB9GeI5GgYCkoybZtQA0IUb7QPwf1WmN3AwJeNIsadTvIFQCiVK0OVIgKfOBGg==",
        "dependencies": {
          "Microsoft.Extensions.DependencyInjection.Abstractions": "6.0.0",
          "Microsoft.Extensions.Logging": "6.0.0",
          "Microsoft.Extensions.Logging.Abstractions": "6.0.0",
          "Microsoft.Extensions.Logging.Configuration": "6.0.0",
          "Microsoft.Extensions.Options": "6.0.0",
          "System.Text.Json": "6.0.0"
        }
      },
      "Microsoft.Extensions.Logging.Debug": {
        "type": "Transitive",
        "resolved": "6.0.0",
        "contentHash": "M9g/JixseSZATJE9tcMn9uzoD4+DbSglivFqVx8YkRJ7VVPmnvCEbOZ0AAaxsL1EKyI4cz07DXOOJExxNsUOHw==",
        "dependencies": {
          "Microsoft.Extensions.DependencyInjection.Abstractions": "6.0.0",
          "Microsoft.Extensions.Logging": "6.0.0",
          "Microsoft.Extensions.Logging.Abstractions": "6.0.0"
        }
      },
      "Microsoft.Extensions.Logging.EventLog": {
        "type": "Transitive",
        "resolved": "6.0.0",
        "contentHash": "rlo0RxlMd0WtLG3CHI0qOTp6fFn7MvQjlrCjucA31RqmiMFCZkF8CHNbe8O7tbBIyyoLGWB1he9CbaA5iyHthg==",
        "dependencies": {
          "Microsoft.Extensions.DependencyInjection.Abstractions": "6.0.0",
          "Microsoft.Extensions.Logging": "6.0.0",
          "Microsoft.Extensions.Logging.Abstractions": "6.0.0",
          "Microsoft.Extensions.Options": "6.0.0",
          "System.Diagnostics.EventLog": "6.0.0"
        }
      },
      "Microsoft.Extensions.Logging.EventSource": {
        "type": "Transitive",
        "resolved": "6.0.0",
        "contentHash": "BeDyyqt7nkm/nr+Gdk+L8n1tUT/u33VkbXAOesgYSNsxDM9hJ1NOBGoZfj9rCbeD2+9myElI6JOVVFmnzgeWQA==",
        "dependencies": {
          "Microsoft.Extensions.DependencyInjection.Abstractions": "6.0.0",
          "Microsoft.Extensions.Logging": "6.0.0",
          "Microsoft.Extensions.Logging.Abstractions": "6.0.0",
          "Microsoft.Extensions.Options": "6.0.0",
          "Microsoft.Extensions.Primitives": "6.0.0",
          "System.Runtime.CompilerServices.Unsafe": "6.0.0",
          "System.Text.Json": "6.0.0"
        }
      },
      "Microsoft.Extensions.Options": {
        "type": "Transitive",
        "resolved": "6.0.0",
        "contentHash": "dzXN0+V1AyjOe2xcJ86Qbo233KHuLEY0njf/P2Kw8SfJU+d45HNS2ctJdnEnrWbM9Ye2eFgaC5Mj9otRMU6IsQ==",
        "dependencies": {
          "Microsoft.Extensions.DependencyInjection.Abstractions": "6.0.0",
          "Microsoft.Extensions.Primitives": "6.0.0"
        }
      },
      "Microsoft.Extensions.Options.ConfigurationExtensions": {
        "type": "Transitive",
        "resolved": "6.0.0",
        "contentHash": "bXWINbTn0vC0FYc9GaQTISbxhQLAMrvtbuvD9N6JelEaIS/Pr62wUCinrq5bf1WRBGczt1v4wDhxFtVFNcMdUQ==",
        "dependencies": {
          "Microsoft.Extensions.Configuration.Abstractions": "6.0.0",
          "Microsoft.Extensions.Configuration.Binder": "6.0.0",
          "Microsoft.Extensions.DependencyInjection.Abstractions": "6.0.0",
          "Microsoft.Extensions.Options": "6.0.0",
          "Microsoft.Extensions.Primitives": "6.0.0"
        }
      },
      "Microsoft.Extensions.Primitives": {
        "type": "Transitive",
        "resolved": "6.0.0",
        "contentHash": "9+PnzmQFfEFNR9J2aDTfJGGupShHjOuGw4VUv+JB044biSHrnmCIMD+mJHmb2H7YryrfBEXDurxQ47gJZdCKNQ==",
        "dependencies": {
          "System.Runtime.CompilerServices.Unsafe": "6.0.0"
        }
      },
      "Microsoft.NETCore.Platforms": {
        "type": "Transitive",
        "resolved": "5.0.0",
        "contentHash": "VyPlqzH2wavqquTcYpkIIAQ6WdenuKoFN0BdYBbCWsclXacSOHNQn66Gt4z5NBqEYW0FAPm5rlvki9ZiCij5xQ=="
      },
      "Microsoft.Win32.Registry": {
        "type": "Transitive",
        "resolved": "5.0.0",
        "contentHash": "dDoKi0PnDz31yAyETfRntsLArTlVAVzUzCIvvEDsDsucrl33Dl8pIJG06ePTJTI3tGpeyHS9Cq7Foc/s4EeKcg==",
        "dependencies": {
          "System.Security.AccessControl": "5.0.0",
          "System.Security.Principal.Windows": "5.0.0"
        }
      },
      "Microsoft.Win32.SystemEvents": {
        "type": "Transitive",
        "resolved": "4.7.0",
        "contentHash": "mtVirZr++rq+XCDITMUdnETD59XoeMxSpLRIII7JRI6Yj0LEDiO1pPn0ktlnIj12Ix8bfvQqQDMMIF9wC98oCA==",
        "dependencies": {
          "Microsoft.NETCore.Platforms": "3.1.0"
        }
      },
      "Microsoft.Windows.SDK.BuildTools": {
        "type": "Transitive",
        "resolved": "10.0.22621.755",
        "contentHash": "zGXDCZc2/slVjpNtopNETCjnOqH9KiEdo9dPCcjtNWwK5W+EmOcEn7X5Ftj3tOE9kLvroga1s7WwLh2a5jQEEg=="
      },
      "Microsoft.WindowsAppSDK": {
        "type": "Transitive",
        "resolved": "1.2.221209.1",
        "contentHash": "1Y8KDCmUqytdduubaQhRz6aqaP7YhVSPE/fHeqLMsK3DrV+eBThrqkM6R/8N2lu0mwkNfKSTSAhixrTR72nyWA==",
        "dependencies": {
          "Microsoft.Windows.SDK.BuildTools": "10.0.22621.1"
        }
      },
      "Mono.Cecil": {
        "type": "Transitive",
        "resolved": "0.11.4",
        "contentHash": "IC1h5g0NeJGHIUgzM1P82ld57knhP0IcQfrYITDPXlNpMYGUrsG5TxuaWTjaeqDNQMBDNZkB8L0rBnwsY6JHuQ=="
      },
      "ProcessMemoryUtilities.Net": {
        "type": "Transitive",
        "resolved": "1.3.4",
        "contentHash": "rByxPnSJOKCro7E8hFEFU58VKGu6rK+BLMJMlbh7PO+MyiP7hXWLASColOuWw7NvZ2P3pNOCtchQ38VpNJ7Mhg=="
      },
      "SuperSocket.Channel": {
        "type": "Transitive",
        "resolved": "2.0.0-beta.10",
        "contentHash": "mYFaM6w1DWLXwHTA6gKuy/vglkfCpTjZqzCCCHUs+OslalaRP+PXqFsOPuB/w34b6+AD0M0Vp/CkE4gwdKrmpg==",
        "dependencies": {
          "Microsoft.Extensions.Logging.Abstractions": "3.1.10",
          "Microsoft.Extensions.Options": "3.1.10",
          "SuperSocket.ProtoBase": "2.0.0-beta.10",
          "System.IO.Pipelines": "4.7.3"
        }
      },
      "SuperSocket.Command": {
        "type": "Transitive",
        "resolved": "2.0.0-beta.10",
        "contentHash": "hzlkOHJ6+lYGfYGomBbhGWCwsyMQkYQ+N2dPOD5VDGJlTsM9ydGix8POjhL2sL7tCH/Y9FDWhSvqeu+jW5nk5w==",
        "dependencies": {
          "Microsoft.Extensions.Configuration": "3.1.10",
          "Microsoft.Extensions.DependencyInjection.Abstractions": "3.1.10",
          "Microsoft.Extensions.Hosting.Abstractions": "3.1.10",
          "Microsoft.Extensions.Options.ConfigurationExtensions": "3.1.10",
          "SuperSocket.Primitives": "2.0.0-beta.10",
          "System.Text.Json": "4.7.2"
        }
      },
      "SuperSocket.Primitives": {
        "type": "Transitive",
        "resolved": "2.0.0-beta.10",
        "contentHash": "1uKIwYXwOBlhrwIBL04vF4J+opcwHo0x5KCqvdrsSF4LO1LKGHLZTu4JqfXbszifNzw1WfZ9i+nb1g/cpzro5Q==",
        "dependencies": {
          "Microsoft.Extensions.DependencyInjection.Abstractions": "3.1.10",
          "Microsoft.Extensions.Hosting.Abstractions": "3.1.10",
          "Microsoft.Extensions.Logging.Abstractions": "3.1.10",
          "SuperSocket.Channel": "2.0.0-beta.10",
          "SuperSocket.ProtoBase": "2.0.0-beta.10"
        }
      },
      "SuperSocket.ProtoBase": {
        "type": "Transitive",
        "resolved": "2.0.0-beta.10",
        "contentHash": "/gJKFg2lvIQuYHWHjFSx7vHDlJm/WFsuLXStQph0UZaAtv9Z+eQl5DiZ3nEsVdW1E4UgPWim4h8j/oqhfN/gIQ=="
      },
      "SuperSocket.Server": {
        "type": "Transitive",
        "resolved": "2.0.0-beta.10",
        "contentHash": "zOKT3KNi4A5XeWrdsMNKodccrdxon4asJyq11Q6vqwBazQdIUIgfqzy6MtWb2FgxcCIHWKLo6LFDIVrgZd87RA==",
        "dependencies": {
          "Microsoft.Extensions.Configuration": "3.1.10",
          "Microsoft.Extensions.Configuration.Binder": "3.1.10",
          "Microsoft.Extensions.DependencyInjection": "3.1.10",
          "Microsoft.Extensions.Hosting": "3.1.10",
          "Microsoft.Extensions.Hosting.Abstractions": "3.1.10",
          "Microsoft.Extensions.Logging": "3.1.10",
          "Microsoft.Extensions.Logging.Console": "3.1.10",
          "Microsoft.Extensions.Options": "3.1.10",
          "Microsoft.Extensions.Options.ConfigurationExtensions": "3.1.10",
          "SuperSocket.Channel": "2.0.0-beta.10",
          "SuperSocket.Primitives": "2.0.0-beta.10",
          "SuperSocket.ProtoBase": "2.0.0-beta.10"
        }
      },
      "SuperSocket.WebSocket": {
        "type": "Transitive",
        "resolved": "2.0.0-beta.10",
        "contentHash": "G0D5NkgT9osUA96hvX6hH8Jpc+jyc2K5xFAaO3SJxp4yvYIgxwWzCUjj11Qy37kFqtiBfHFejYyqV/H/3ocbzA==",
        "dependencies": {
          "SuperSocket.ProtoBase": "2.0.0-beta.10"
        }
      },
      "System.Diagnostics.DiagnosticSource": {
        "type": "Transitive",
        "resolved": "6.0.0",
        "contentHash": "frQDfv0rl209cKm1lnwTgFPzNigy2EKk1BS3uAvHvlBVKe5cymGyHO+Sj+NLv5VF/AhHsqPIUUwya5oV4CHMUw==",
        "dependencies": {
          "System.Runtime.CompilerServices.Unsafe": "6.0.0"
        }
      },
      "System.Diagnostics.EventLog": {
        "type": "Transitive",
        "resolved": "6.0.0",
        "contentHash": "lcyUiXTsETK2ALsZrX+nWuHSIQeazhqPphLfaRxzdGaG93+0kELqpgEHtwWOlQe7+jSFnKwaCAgL4kjeZCQJnw=="
      },
      "System.Drawing.Common": {
        "type": "Transitive",
        "resolved": "4.7.0",
        "contentHash": "v+XbyYHaZjDfn0ENmJEV1VYLgGgCTx1gnfOBcppowbpOAriglYgGCvFCPr2EEZyBvXlpxbEsTwkOlInl107ahA==",
        "dependencies": {
          "Microsoft.NETCore.Platforms": "3.1.0",
          "Microsoft.Win32.SystemEvents": "4.7.0"
        }
      },
      "System.IO.Pipelines": {
        "type": "Transitive",
        "resolved": "4.7.3",
        "contentHash": "zykThu9scJyg2Yeg27GMZCbjzniIsmjtNP5x6kQCd/8rEeKXRy20fP2NOMS7xQ+0pS/E85LZQA+K1aoQLxiUdw=="
      },
      "System.Memory": {
        "type": "Transitive",
        "resolved": "4.5.5",
        "contentHash": "XIWiDvKPXaTveaB7HVganDlOCRoj03l+jrwNvcge/t8vhGYKvqV+dMv6G4SAX2NoNmN0wZfVPTAlFwZcZvVOUw=="
      },
      "System.Reflection.Emit": {
        "type": "Transitive",
        "resolved": "4.7.0",
        "contentHash": "VR4kk8XLKebQ4MZuKuIni/7oh+QGFmZW3qORd1GvBq/8026OpW501SzT/oypwiQl4TvT8ErnReh/NzY9u+C6wQ=="
      },
      "System.Runtime.CompilerServices.Unsafe": {
        "type": "Transitive",
        "resolved": "6.0.0",
        "contentHash": "/iUeP3tq1S0XdNNoMz5C9twLSrM/TH+qElHkXWaPvuNOt+99G75NrV0OS2EqHx5wMN7popYjpc8oTjC1y16DLg=="
      },
      "System.Security.AccessControl": {
        "type": "Transitive",
        "resolved": "5.0.0",
        "contentHash": "dagJ1mHZO3Ani8GH0PHpPEe/oYO+rVdbQjvjJkBRNQkX4t0r1iaeGn8+/ybkSLEan3/slM0t59SVdHzuHf2jmw==",
        "dependencies": {
          "Microsoft.NETCore.Platforms": "5.0.0",
          "System.Security.Principal.Windows": "5.0.0"
        }
      },
      "System.Security.Principal.Windows": {
        "type": "Transitive",
        "resolved": "5.0.0",
        "contentHash": "t0MGLukB5WAVU9bO3MGzvlGnyJPgUlcwerXn1kzBRjwLKixT96XV0Uza41W49gVd8zEMFu9vQEFlv0IOrytICA=="
      },
      "System.Text.Encodings.Web": {
        "type": "Transitive",
        "resolved": "6.0.0",
        "contentHash": "Vg8eB5Tawm1IFqj4TVK1czJX89rhFxJo9ELqc/Eiq0eXy13RK00eubyU6TJE6y+GQXjyV5gSfiewDUZjQgSE0w==",
        "dependencies": {
          "System.Runtime.CompilerServices.Unsafe": "6.0.0"
        }
      },
      "System.Text.Json": {
        "type": "Transitive",
        "resolved": "6.0.0",
        "contentHash": "zaJsHfESQvJ11vbXnNlkrR46IaMULk/gHxYsJphzSF+07kTjPHv+Oc14w6QEOfo3Q4hqLJgStUaYB9DBl0TmWg==",
        "dependencies": {
          "System.Runtime.CompilerServices.Unsafe": "6.0.0",
          "System.Text.Encodings.Web": "6.0.0"
        }
      },
      "System.Threading.Channels": {
        "type": "Transitive",
        "resolved": "6.0.0",
        "contentHash": "TY8/9+tI0mNaUMgntOxxaq2ndTkdXqLSxvPmas7XEqOlv9lQtB7wLjYGd756lOaO7Dvb5r/WXhluM+0Xe87v5Q=="
      },
      "System.ValueTuple": {
        "type": "Transitive",
        "resolved": "4.5.0",
        "contentHash": "okurQJO6NRE/apDIP23ajJ0hpiNmJ+f0BwOlB/cSqTLQlw5upkf+5+96+iG2Jw40G1fCVCyPz/FhIABUjMR+RQ=="
      },
      "Vestris.ResourceLib": {
        "type": "Transitive",
        "resolved": "2.1.0",
        "contentHash": "64fWkw7vWlIIMTCPE+z1aMTA0HGvI5V7IoWnIYKlpvYN7LGfkksK3kpfVXfQfI7rS2j0uaYZj3hUF9WP1w4NKA==",
        "dependencies": {
          "System.Drawing.Common": "4.5.0"
        }
      },
      "Raid.Common": {
        "type": "Project",
        "dependencies": {
          "Microsoft.Extensions.DependencyInjection.Abstractions": "[6.0.0, )",
          "Microsoft.Extensions.Logging.Abstractions": "[6.0.0, )",
          "Microsoft.Extensions.Options": "[6.0.0, )",
          "Microsoft.Win32.Registry": "[5.0.0, )",
          "Newtonsoft.Json": "[13.0.2, )"
        }
      },
      "Raid.Model": {
        "type": "Project",
        "dependencies": {
          "Microsoft.Win32.Registry": "[5.0.0, )",
          "Newtonsoft.Json": "[13.0.2, )",
          "Raid.Common": "[1.0.0, )",
          "il2cpptoolkit.common": "[2.0.108-alpha, )",
          "il2cpptoolkit.metadata": "[2.0.108-alpha, )",
          "il2cpptoolkit.reversecompiler": "[2.0.108-alpha, )",
          "il2cpptoolkit.runtime": "[2.0.108-alpha, )",
          "il2cpptoolkit.target.netcore": "[2.0.108-alpha, )"
        }
      },
      "Raid.Toolkit.DataModel": {
        "type": "Project",
        "dependencies": {
          "Newtonsoft.Json": "[13.0.2, )",
          "Raid.Common": "[1.0.0, )"
        }
      },
      "Raid.Toolkit.Extensibility": {
        "type": "Project",
        "dependencies": {
          "CommunityToolkit.WinUI.Notifications": "[7.1.2, )",
          "Microsoft.Extensions.Logging.Abstractions": "[6.0.0, )",
          "Microsoft.WindowsAppSDK": "[1.2.221209.1, )",
          "Raid.Common": "[1.0.0, )",
          "Raid.Toolkit.DataModel": "[1.0.0, )",
          "il2cpptoolkit.common": "[2.0.108-alpha, )",
          "il2cpptoolkit.metadata": "[2.0.108-alpha, )",
          "il2cpptoolkit.runtime": "[2.0.108-alpha, )"
        }
      },
      "Raid.Toolkit.Extensibility.Host": {
        "type": "Project",
        "dependencies": {
          "CommunityToolkit.WinUI.Notifications": "[7.1.2, )",
          "CustomExtensions.WinUI": "[0.1.10-beta, )",
          "Microsoft.Extensions.Hosting.Abstractions": "[6.0.0, )",
          "Microsoft.Extensions.Logging.Abstractions": "[6.0.0, )",
          "Raid.Model": "[1.0.0, )",
          "Raid.Toolkit.Extensibility": "[1.0.0, )",
          "il2cpptoolkit.common": "[2.0.108-alpha, )",
          "il2cpptoolkit.metadata": "[2.0.108-alpha, )",
          "il2cpptoolkit.reversecompiler": "[2.0.108-alpha, )",
          "il2cpptoolkit.runtime": "[2.0.108-alpha, )",
          "il2cpptoolkit.target.netcore": "[2.0.108-alpha, )"
        }
      },
      "Raid.Toolkit.Extension.Account": {
        "type": "Project",
        "dependencies": {
          "Microsoft.Extensions.Logging.Abstractions": "[6.0.0, )",
          "Raid.Toolkit.Extensibility": "[1.0.0, )"
        }
      },
      "Raid.Toolkit.Extension.Realtime": {
        "type": "Project",
        "dependencies": {
          "Microsoft.Extensions.Logging.Abstractions": "[6.0.0, )",
          "Raid.Toolkit.Extensibility": "[1.0.0, )"
        }
      }
    },
    "net6.0-windows10.0.19041/win10-x64": {
      "Il2CppToolkit.Injection.Client": {
        "type": "Direct",
        "requested": "[2.0.119-alpha, )",
        "resolved": "2.0.119-alpha",
        "contentHash": "fVzp5d0yE7weCPZ8eDIwOs+ZXMk9KXIZny2G3RCeReEX/RS2vOinscgcTgtCW42oySyVLzJzANYcBeHx6cocYA==",
        "dependencies": {
          "Google.Protobuf": "3.21.1",
          "Grpc.Net.Client": "2.46.0"
        }
      },
      "Microsoft.Win32.Registry": {
        "type": "Transitive",
        "resolved": "5.0.0",
        "contentHash": "dDoKi0PnDz31yAyETfRntsLArTlVAVzUzCIvvEDsDsucrl33Dl8pIJG06ePTJTI3tGpeyHS9Cq7Foc/s4EeKcg==",
        "dependencies": {
          "System.Security.AccessControl": "5.0.0",
          "System.Security.Principal.Windows": "5.0.0"
        }
      },
      "Microsoft.Win32.SystemEvents": {
        "type": "Transitive",
        "resolved": "4.7.0",
        "contentHash": "mtVirZr++rq+XCDITMUdnETD59XoeMxSpLRIII7JRI6Yj0LEDiO1pPn0ktlnIj12Ix8bfvQqQDMMIF9wC98oCA==",
        "dependencies": {
          "Microsoft.NETCore.Platforms": "3.1.0"
        }
      },
      "Microsoft.WindowsAppSDK": {
        "type": "Transitive",
        "resolved": "1.2.221209.1",
        "contentHash": "1Y8KDCmUqytdduubaQhRz6aqaP7YhVSPE/fHeqLMsK3DrV+eBThrqkM6R/8N2lu0mwkNfKSTSAhixrTR72nyWA==",
        "dependencies": {
          "Microsoft.Windows.SDK.BuildTools": "10.0.22621.1"
        }
      },
      "System.Diagnostics.EventLog": {
        "type": "Transitive",
        "resolved": "6.0.0",
        "contentHash": "lcyUiXTsETK2ALsZrX+nWuHSIQeazhqPphLfaRxzdGaG93+0kELqpgEHtwWOlQe7+jSFnKwaCAgL4kjeZCQJnw=="
      },
      "System.Drawing.Common": {
        "type": "Transitive",
        "resolved": "4.7.0",
        "contentHash": "v+XbyYHaZjDfn0ENmJEV1VYLgGgCTx1gnfOBcppowbpOAriglYgGCvFCPr2EEZyBvXlpxbEsTwkOlInl107ahA==",
        "dependencies": {
          "Microsoft.NETCore.Platforms": "3.1.0",
          "Microsoft.Win32.SystemEvents": "4.7.0"
        }
      },
      "System.Security.AccessControl": {
        "type": "Transitive",
        "resolved": "5.0.0",
        "contentHash": "dagJ1mHZO3Ani8GH0PHpPEe/oYO+rVdbQjvjJkBRNQkX4t0r1iaeGn8+/ybkSLEan3/slM0t59SVdHzuHf2jmw==",
        "dependencies": {
          "Microsoft.NETCore.Platforms": "5.0.0",
          "System.Security.Principal.Windows": "5.0.0"
        }
      },
      "System.Security.Principal.Windows": {
        "type": "Transitive",
        "resolved": "5.0.0",
        "contentHash": "t0MGLukB5WAVU9bO3MGzvlGnyJPgUlcwerXn1kzBRjwLKixT96XV0Uza41W49gVd8zEMFu9vQEFlv0IOrytICA=="
      },
      "System.Text.Encodings.Web": {
        "type": "Transitive",
        "resolved": "6.0.0",
        "contentHash": "Vg8eB5Tawm1IFqj4TVK1czJX89rhFxJo9ELqc/Eiq0eXy13RK00eubyU6TJE6y+GQXjyV5gSfiewDUZjQgSE0w==",
        "dependencies": {
          "System.Runtime.CompilerServices.Unsafe": "6.0.0"
        }
      }
    }
  }
}