{
  "version": 1,
  "dependencies": {
    "net6.0-windows10.0.19041": {
      "Il2CppToolkit.Common": {
        "type": "Direct",
        "requested": "[2.0.134-alpha, )",
        "resolved": "2.0.134-alpha",
        "contentHash": "nurKHwSA3sFDNJgi72CTqxMc2ErdUM2PGqOr/l0PcLJ+SK4uUd2vQjv3EY1VWpkZuyeea2t4607vzz9uXfcLXQ==",
        "dependencies": {
          "System.Memory": "4.5.5"
        }
      },
      "Il2CppToolkit.Metadata": {
        "type": "Direct",
        "requested": "[2.0.134-alpha, )",
        "resolved": "2.0.134-alpha",
        "contentHash": "Y1TXg49753GAdIF77Y1rVcMoTVdg/kaseB4YlpC4KkA2lfpIlRe3i9pKX+puJ5X7XdhYyGq/2n8zBQHD95GLqA==",
        "dependencies": {
          "Il2CppToolkit.Common": "2.0.134-alpha"
        }
      },
      "Il2CppToolkit.Runtime": {
        "type": "Direct",
        "requested": "[2.0.134-alpha, )",
        "resolved": "2.0.134-alpha",
        "contentHash": "V2yMVwY7wbBd3EiBSI2afKfN3xE8KdiXtIdSVazT7LxtLgDunBP84Ayu/DjmTSXon58fZGO4lnDgGcPvY4GDiQ==",
        "dependencies": {
          "Il2CppToolkit.Common": "2.0.134-alpha",
          "Il2CppToolkit.Injection.Client": "2.0.145-alpha",
          "ProcessMemoryUtilities.Net": "1.3.4",
          "System.Memory": "4.5.5",
          "Vestris.ResourceLib": "2.1.0"
        }
      },
      "Microsoft.Extensions.Logging.Abstractions": {
        "type": "Direct",
        "requested": "[6.0.0, )",
        "resolved": "6.0.0",
        "contentHash": "/HggWBbTwy8TgebGSX5DBZ24ndhzi93sHUBDvP1IxbZD7FDokYzdAr6+vbWGjw2XAfR2EJ1sfKUotpjHnFWPxA=="
      },
      "Nerdbank.GitVersioning": {
        "type": "Direct",
        "requested": "[3.6.133, )",
        "resolved": "3.6.133",
        "contentHash": "VZWMd5YAeDxpjWjAP/X6bAxnRMiEf6tES/ITN0X5CHJgkWLLeHGmEALivmTAfYM6P+P/3Szy6VCITUAkqjcHVw=="
      },
      "Google.Protobuf": {
        "type": "Transitive",
        "resolved": "3.21.1",
        "contentHash": "tYT6ez1N/ecOdxaaYFu9KxADHdAmRzwt9o4i4tO4wGYsGo2mAPDeHJKO2erfnCsL/Z+6C29o0QUJUJnlG2iDAA=="
      },
      "Grpc.Core.Api": {
        "type": "Transitive",
        "resolved": "2.46.1",
        "contentHash": "3rm4VJLP6MHWXoQnF9kYvO57Rj7gBtAlsu5Y4XtMTrsy4hSolRKOychh0KzJkaOTTtJ5dg0i3QlslLR5SX0Seg==",
        "dependencies": {
          "System.Memory": "4.5.3"
        }
      },
      "Grpc.Net.Client": {
        "type": "Transitive",
        "resolved": "2.46.0",
        "contentHash": "iHx39bGsvtxVgaMkmVlxyNtjZETq9N8vxUA8Kc7dT2WBz+SXvBSOu0yPZxlcnFIOM5JyOuM/Dszg9GFGANrDPQ==",
        "dependencies": {
          "Grpc.Net.Common": "2.46.0",
          "Microsoft.Extensions.Logging.Abstractions": "3.0.3"
        }
      },
      "Grpc.Net.Common": {
        "type": "Transitive",
        "resolved": "2.46.0",
        "contentHash": "RjVHthmxrD7pK7kVIiIiSfGEkf1wxVy5nKyqDMKJAwy8vn6YZ/XOZLHZKil0s7VDkrO+HNqd6uC9LiIhL7o0ow==",
        "dependencies": {
          "Grpc.Core.Api": "2.46.1"
        }
      },
      "Il2CppToolkit.Injection.Client": {
        "type": "Transitive",
        "resolved": "2.0.145-alpha",
        "contentHash": "Xxwyf4aQAozYjeuVbzfEgw2lBD1MbFq9E2z8aMNSzKFECitZJOJC3yA2Ch6emKE58wb+z5Hy2vr35UoMMq591g==",
        "dependencies": {
          "Google.Protobuf": "3.21.1",
          "Grpc.Net.Client": "2.46.0"
        }
      },
      "Microsoft.Extensions.DependencyInjection.Abstractions": {
        "type": "Transitive",
        "resolved": "6.0.0",
        "contentHash": "xlzi2IYREJH3/m6+lUrQlujzX8wDitm4QGnUu6kUXTQAWPuZY8i+ticFJbzfqaetLA6KR/rO6Ew/HuYD+bxifg=="
      },
      "Microsoft.Extensions.Options": {
        "type": "Transitive",
        "resolved": "6.0.0",
        "contentHash": "dzXN0+V1AyjOe2xcJ86Qbo233KHuLEY0njf/P2Kw8SfJU+d45HNS2ctJdnEnrWbM9Ye2eFgaC5Mj9otRMU6IsQ==",
        "dependencies": {
          "Microsoft.Extensions.DependencyInjection.Abstractions": "6.0.0",
          "Microsoft.Extensions.Primitives": "6.0.0"
        }
      },
      "Microsoft.Extensions.Primitives": {
        "type": "Transitive",
        "resolved": "6.0.0",
        "contentHash": "9+PnzmQFfEFNR9J2aDTfJGGupShHjOuGw4VUv+JB044biSHrnmCIMD+mJHmb2H7YryrfBEXDurxQ47gJZdCKNQ==",
        "dependencies": {
          "System.Runtime.CompilerServices.Unsafe": "6.0.0"
        }
      },
      "Microsoft.NETCore.Platforms": {
        "type": "Transitive",
        "resolved": "5.0.0",
        "contentHash": "VyPlqzH2wavqquTcYpkIIAQ6WdenuKoFN0BdYBbCWsclXacSOHNQn66Gt4z5NBqEYW0FAPm5rlvki9ZiCij5xQ=="
      },
      "Microsoft.Win32.Registry": {
        "type": "Transitive",
        "resolved": "5.0.0",
        "contentHash": "dDoKi0PnDz31yAyETfRntsLArTlVAVzUzCIvvEDsDsucrl33Dl8pIJG06ePTJTI3tGpeyHS9Cq7Foc/s4EeKcg==",
        "dependencies": {
          "System.Security.AccessControl": "5.0.0",
          "System.Security.Principal.Windows": "5.0.0"
        }
      },
      "Microsoft.Win32.SystemEvents": {
        "type": "Transitive",
        "resolved": "4.5.0",
        "contentHash": "LuI1oG+24TUj1ZRQQjM5Ew73BKnZE5NZ/7eAdh1o8ST5dPhUnJvIkiIn2re3MwnkRy6ELRnvEbBxHP8uALKhJw==",
        "dependencies": {
          "Microsoft.NETCore.Platforms": "2.0.0"
        }
      },
      "Newtonsoft.Json": {
        "type": "Transitive",
        "resolved": "13.0.3",
        "contentHash": "HrC5BXdl00IP9zeV+0Z848QWPAoCr9P3bDEZguI+gkLcBKAOxix/tLEAAHC+UvDNPv4a2d18lOReHMOagPa+zQ=="
      },
      "ProcessMemoryUtilities.Net": {
        "type": "Transitive",
        "resolved": "1.3.4",
        "contentHash": "rByxPnSJOKCro7E8hFEFU58VKGu6rK+BLMJMlbh7PO+MyiP7hXWLASColOuWw7NvZ2P3pNOCtchQ38VpNJ7Mhg=="
      },
      "System.Drawing.Common": {
        "type": "Transitive",
        "resolved": "4.5.0",
        "contentHash": "AiJFxxVPdeITstiRS5aAu8+8Dpf5NawTMoapZ53Gfirml24p7HIfhjmCRxdXnmmf3IUA3AX3CcW7G73CjWxW/Q==",
        "dependencies": {
          "Microsoft.NETCore.Platforms": "2.0.0",
          "Microsoft.Win32.SystemEvents": "4.5.0"
        }
      },
      "System.Memory": {
        "type": "Transitive",
        "resolved": "4.5.5",
        "contentHash": "XIWiDvKPXaTveaB7HVganDlOCRoj03l+jrwNvcge/t8vhGYKvqV+dMv6G4SAX2NoNmN0wZfVPTAlFwZcZvVOUw=="
      },
      "System.Runtime.CompilerServices.Unsafe": {
        "type": "Transitive",
        "resolved": "6.0.0",
        "contentHash": "/iUeP3tq1S0XdNNoMz5C9twLSrM/TH+qElHkXWaPvuNOt+99G75NrV0OS2EqHx5wMN7popYjpc8oTjC1y16DLg=="
      },
      "System.Security.AccessControl": {
        "type": "Transitive",
        "resolved": "5.0.0",
        "contentHash": "dagJ1mHZO3Ani8GH0PHpPEe/oYO+rVdbQjvjJkBRNQkX4t0r1iaeGn8+/ybkSLEan3/slM0t59SVdHzuHf2jmw==",
        "dependencies": {
          "Microsoft.NETCore.Platforms": "5.0.0",
          "System.Security.Principal.Windows": "5.0.0"
        }
      },
      "System.Security.Principal.Windows": {
        "type": "Transitive",
        "resolved": "5.0.0",
        "contentHash": "t0MGLukB5WAVU9bO3MGzvlGnyJPgUlcwerXn1kzBRjwLKixT96XV0Uza41W49gVd8zEMFu9vQEFlv0IOrytICA=="
      },
      "Vestris.ResourceLib": {
        "type": "Transitive",
        "resolved": "2.1.0",
        "contentHash": "64fWkw7vWlIIMTCPE+z1aMTA0HGvI5V7IoWnIYKlpvYN7LGfkksK3kpfVXfQfI7rS2j0uaYZj3hUF9WP1w4NKA==",
        "dependencies": {
          "System.Drawing.Common": "4.5.0"
        }
      },
      "Raid.Toolkit.Common": {
        "type": "Project",
        "dependencies": {
          "Microsoft.Extensions.DependencyInjection.Abstractions": "[6.0.0, )",
          "Microsoft.Extensions.Logging.Abstractions": "[6.0.0, )",
          "Microsoft.Extensions.Options": "[6.0.0, )",
          "Microsoft.Win32.Registry": "[5.0.0, )",
          "Newtonsoft.Json": "[13.0.3, )"
        }
      }
    },
    "net6.0-windows10.0.19041/win10-x64": {
      "Il2CppToolkit.Injection.Client": {
        "type": "Transitive",
        "resolved": "2.0.145-alpha",
        "contentHash": "Xxwyf4aQAozYjeuVbzfEgw2lBD1MbFq9E2z8aMNSzKFECitZJOJC3yA2Ch6emKE58wb+z5Hy2vr35UoMMq591g==",
        "dependencies": {
          "Google.Protobuf": "3.21.1",
          "Grpc.Net.Client": "2.46.0"
        }
      },
      "Microsoft.Win32.Registry": {
        "type": "Transitive",
        "resolved": "5.0.0",
        "contentHash": "dDoKi0PnDz31yAyETfRntsLArTlVAVzUzCIvvEDsDsucrl33Dl8pIJG06ePTJTI3tGpeyHS9Cq7Foc/s4EeKcg==",
        "dependencies": {
          "System.Security.AccessControl": "5.0.0",
          "System.Security.Principal.Windows": "5.0.0"
        }
      },
      "Microsoft.Win32.SystemEvents": {
        "type": "Transitive",
        "resolved": "4.5.0",
        "contentHash": "LuI1oG+24TUj1ZRQQjM5Ew73BKnZE5NZ/7eAdh1o8ST5dPhUnJvIkiIn2re3MwnkRy6ELRnvEbBxHP8uALKhJw==",
        "dependencies": {
          "Microsoft.NETCore.Platforms": "2.0.0"
        }
      },
      "System.Drawing.Common": {
        "type": "Transitive",
        "resolved": "4.5.0",
        "contentHash": "AiJFxxVPdeITstiRS5aAu8+8Dpf5NawTMoapZ53Gfirml24p7HIfhjmCRxdXnmmf3IUA3AX3CcW7G73CjWxW/Q==",
        "dependencies": {
          "Microsoft.NETCore.Platforms": "2.0.0",
          "Microsoft.Win32.SystemEvents": "4.5.0"
        }
      },
      "System.Security.AccessControl": {
        "type": "Transitive",
        "resolved": "5.0.0",
        "contentHash": "dagJ1mHZO3Ani8GH0PHpPEe/oYO+rVdbQjvjJkBRNQkX4t0r1iaeGn8+/ybkSLEan3/slM0t59SVdHzuHf2jmw==",
        "dependencies": {
          "Microsoft.NETCore.Platforms": "5.0.0",
          "System.Security.Principal.Windows": "5.0.0"
        }
      },
      "System.Security.Principal.Windows": {
        "type": "Transitive",
        "resolved": "5.0.0",
        "contentHash": "t0MGLukB5WAVU9bO3MGzvlGnyJPgUlcwerXn1kzBRjwLKixT96XV0Uza41W49gVd8zEMFu9vQEFlv0IOrytICA=="
      }
    }
  }
}